
Microsoft Visual Studio Solution File, Format Version 12.00
# Visual Studio Version 16
VisualStudioVersion = 16.0.28621.142
MinimumVisualStudioVersion = 10.0.40219.1
Project("{FAE04EC0-301F-11D3-BF4B-00C04F79EFBC}") = "BlazorTest.Server", "BlazorTest.Server\BlazorTest.Server.csproj", "{33BD93F2-6DA9-49E0-9DA0-3C62039DC6B7}"
EndProject
Project("{FAE04EC0-301F-11D3-BF4B-00C04F79EFBC}") = "BlazorTest.Client", "BlazorTest.Client\BlazorTest.Client.csproj", "{9F72AC12-8BA4-4A34-BE37-7E8105C6F252}"
EndProject
Project("{FAE04EC0-301F-11D3-BF4B-00C04F79EFBC}") = "BlazorTest.Shared", "BlazorTest.Shared\BlazorTest.Shared.csproj", "{BE21C7D3-BC84-4868-BFF3-7CD12A2E969B}"
EndProject
Global
	GlobalSection(SolutionConfigurationPlatforms) = preSolution
		Debug|Any CPU = Debug|Any CPU
		Release|Any CPU = Release|Any CPU
	EndGlobalSection
	GlobalSection(ProjectConfigurationPlatforms) = postSolution
		{33BD93F2-6DA9-49E0-9DA0-3C62039DC6B7}.Debug|Any CPU.ActiveCfg = Debug|Any CPU
		{33BD93F2-6DA9-49E0-9DA0-3C62039DC6B7}.Debug|Any CPU.Build.0 = Debug|Any CPU
		{33BD93F2-6DA9-49E0-9DA0-3C62039DC6B7}.Release|Any CPU.ActiveCfg = Release|Any CPU
		{33BD93F2-6DA9-49E0-9DA0-3C62039DC6B7}.Release|Any CPU.Build.0 = Release|Any CPU
		{9F72AC12-8BA4-4A34-BE37-7E8105C6F252}.Debug|Any CPU.ActiveCfg = Debug|Any CPU
		{9F72AC12-8BA4-4A34-BE37-7E8105C6F252}.Debug|Any CPU.Build.0 = Debug|Any CPU
		{9F72AC12-8BA4-4A34-BE37-7E8105C6F252}.Release|Any CPU.ActiveCfg = Release|Any CPU
		{9F72AC12-8BA4-4A34-BE37-7E8105C6F252}.Release|Any CPU.Build.0 = Release|Any CPU
		{BE21C7D3-BC84-4868-BFF3-7CD12A2E969B}.Debug|Any CPU.ActiveCfg = Debug|Any CPU
		{BE21C7D3-BC84-4868-BFF3-7CD12A2E969B}.Debug|Any CPU.Build.0 = Debug|Any CPU
		{BE21C7D3-BC84-4868-BFF3-7CD12A2E969B}.Release|Any CPU.ActiveCfg = Release|Any CPU
		{BE21C7D3-BC84-4868-BFF3-7CD12A2E969B}.Release|Any CPU.Build.0 = Release|Any CPU
	EndGlobalSection
	GlobalSection(SolutionProperties) = preSolution
		HideSolutionNode = FALSE
	EndGlobalSection
	GlobalSection(ExtensibilityGlobals) = postSolution
		SolutionGuid = {EBE5C5B5-C07F-4D92-8163-FA0FD5F806C1}
	EndGlobalSection
EndGlobal
